
Microsoft Visual Studio Solution File, Format Version 12.00
# Visual Studio 15
VisualStudioVersion = 15.0.28307.421
MinimumVisualStudioVersion = 10.0.40219.1
Project("{FAE04EC0-301F-11D3-BF4B-00C04F79EFBC}") = "UserDictionary", "UserDictionary\UserDictionary.csproj", "{2A85279F-6FEF-46CF-94A8-04142BCA3EBA}"
EndProject
Global
	GlobalSection(SolutionConfigurationPlatforms) = preSolution
		Debug|Any CPU = Debug|Any CPU
		Release|Any CPU = Release|Any CPU
	EndGlobalSection
	GlobalSection(ProjectConfigurationPlatforms) = postSolution
		{2A85279F-6FEF-46CF-94A8-04142BCA3EBA}.Debug|Any CPU.ActiveCfg = Debug|Any CPU
		{2A85279F-6FEF-46CF-94A8-04142BCA3EBA}.Debug|Any CPU.Build.0 = Debug|Any CPU
		{2A85279F-6FEF-46CF-94A8-04142BCA3EBA}.Release|Any CPU.ActiveCfg = Release|Any CPU
		{2A85279F-6FEF-46CF-94A8-04142BCA3EBA}.Release|Any CPU.Build.0 = Release|Any CPU
	EndGlobalSection
	GlobalSection(SolutionProperties) = preSolution
		HideSolutionNode = FALSE
	EndGlobalSection
	GlobalSection(ExtensibilityGlobals) = postSolution
		SolutionGuid = {EABD39EA-451A-480C-BAD2-07D22F4FD624}
	EndGlobalSection
EndGlobal
